
Microsoft Visual Studio Solution File, Format Version 12.00
# Visual Studio Version 16
VisualStudioVersion = 16.0.29201.188
MinimumVisualStudioVersion = 10.0.40219.1
Project("{9A19103F-16F7-4668-BE54-9A1E7A4F7556}") = "VueJsTutorial", "VueJsTutorial\VueJsTutorial.csproj", "{9773EAC3-90D9-4672-8F95-0AFFEDF00889}"
EndProject
Project("{9A19103F-16F7-4668-BE54-9A1E7A4F7556}") = "Test", "Test\Test.csproj", "{4A0C256B-CF3C-425D-A951-27D9DB735745}"
EndProject
Project("{9A19103F-16F7-4668-BE54-9A1E7A4F7556}") = "Data", "Data\Data.csproj", "{5B2FBA43-6E53-412F-B295-D984AD62D184}"
EndProject
Project("{9A19103F-16F7-4668-BE54-9A1E7A4F7556}") = "Model", "Model\Model.csproj", "{6DD7517A-5589-4DD0-8BC6-B36A60D0A111}"
EndProject
Project("{9A19103F-16F7-4668-BE54-9A1E7A4F7556}") = "Common", "Common\Common.csproj", "{DAEFC4F9-7A3C-488E-B38D-414816B34410}"
EndProject
Project("{9A19103F-16F7-4668-BE54-9A1E7A4F7556}") = "Logging", "Logging\Logging.csproj", "{562DC088-D53E-4CBE-99BB-6BFE79438567}"
EndProject
Project("{9A19103F-16F7-4668-BE54-9A1E7A4F7556}") = "RazorTable", "RazorTable\RazorTable.csproj", "{F3836D6F-CCC1-4383-A334-ABF9C74AA1E0}"
EndProject
Project("{2150E333-8FDC-42A3-9474-1A3956D46DE8}") = "Domain", "Domain", "{6E4F0DBC-53F3-4616-A7E3-D97C25AA09A7}"
EndProject
Project("{2150E333-8FDC-42A3-9474-1A3956D46DE8}") = "Core", "Core", "{636DE929-2762-497D-A0A4-790C82445F66}"
EndProject
Project("{2150E333-8FDC-42A3-9474-1A3956D46DE8}") = "Infrastructure", "Infrastructure", "{0CAE5FB2-8E0E-410D-B950-9489955593A6}"
EndProject
Project("{2150E333-8FDC-42A3-9474-1A3956D46DE8}") = "Presentation", "Presentation", "{29E4E5C5-FCC6-4DEB-B12B-51513BE8E8A4}"
EndProject
Project("{2150E333-8FDC-42A3-9474-1A3956D46DE8}") = "Testing", "Testing", "{85D0BA29-EDF2-4B71-AAE0-9D89FDAB77EF}"
EndProject
Project("{FAE04EC0-301F-11D3-BF4B-00C04F79EFBC}") = "Services", "Services\Services.csproj", "{D71A56D8-7082-4C1F-8DAF-B4116FD9A2D1}"
EndProject
Global
	GlobalSection(SolutionConfigurationPlatforms) = preSolution
		Debug|Any CPU = Debug|Any CPU
		Release|Any CPU = Release|Any CPU
	EndGlobalSection
	GlobalSection(ProjectConfigurationPlatforms) = postSolution
		{9773EAC3-90D9-4672-8F95-0AFFEDF00889}.Debug|Any CPU.ActiveCfg = Debug|Any CPU
		{9773EAC3-90D9-4672-8F95-0AFFEDF00889}.Debug|Any CPU.Build.0 = Debug|Any CPU
		{9773EAC3-90D9-4672-8F95-0AFFEDF00889}.Release|Any CPU.ActiveCfg = Release|Any CPU
		{9773EAC3-90D9-4672-8F95-0AFFEDF00889}.Release|Any CPU.Build.0 = Release|Any CPU
		{4A0C256B-CF3C-425D-A951-27D9DB735745}.Debug|Any CPU.ActiveCfg = Debug|Any CPU
		{4A0C256B-CF3C-425D-A951-27D9DB735745}.Debug|Any CPU.Build.0 = Debug|Any CPU
		{4A0C256B-CF3C-425D-A951-27D9DB735745}.Release|Any CPU.ActiveCfg = Release|Any CPU
		{4A0C256B-CF3C-425D-A951-27D9DB735745}.Release|Any CPU.Build.0 = Release|Any CPU
		{5B2FBA43-6E53-412F-B295-D984AD62D184}.Debug|Any CPU.ActiveCfg = Debug|Any CPU
		{5B2FBA43-6E53-412F-B295-D984AD62D184}.Debug|Any CPU.Build.0 = Debug|Any CPU
		{5B2FBA43-6E53-412F-B295-D984AD62D184}.Release|Any CPU.ActiveCfg = Release|Any CPU
		{5B2FBA43-6E53-412F-B295-D984AD62D184}.Release|Any CPU.Build.0 = Release|Any CPU
		{6DD7517A-5589-4DD0-8BC6-B36A60D0A111}.Debug|Any CPU.ActiveCfg = Debug|Any CPU
		{6DD7517A-5589-4DD0-8BC6-B36A60D0A111}.Debug|Any CPU.Build.0 = Debug|Any CPU
		{6DD7517A-5589-4DD0-8BC6-B36A60D0A111}.Release|Any CPU.ActiveCfg = Release|Any CPU
		{6DD7517A-5589-4DD0-8BC6-B36A60D0A111}.Release|Any CPU.Build.0 = Release|Any CPU
		{DAEFC4F9-7A3C-488E-B38D-414816B34410}.Debug|Any CPU.ActiveCfg = Debug|Any CPU
		{DAEFC4F9-7A3C-488E-B38D-414816B34410}.Debug|Any CPU.Build.0 = Debug|Any CPU
		{DAEFC4F9-7A3C-488E-B38D-414816B34410}.Release|Any CPU.ActiveCfg = Release|Any CPU
		{DAEFC4F9-7A3C-488E-B38D-414816B34410}.Release|Any CPU.Build.0 = Release|Any CPU
		{562DC088-D53E-4CBE-99BB-6BFE79438567}.Debug|Any CPU.ActiveCfg = Debug|Any CPU
		{562DC088-D53E-4CBE-99BB-6BFE79438567}.Debug|Any CPU.Build.0 = Debug|Any CPU
		{562DC088-D53E-4CBE-99BB-6BFE79438567}.Release|Any CPU.ActiveCfg = Release|Any CPU
		{562DC088-D53E-4CBE-99BB-6BFE79438567}.Release|Any CPU.Build.0 = Release|Any CPU
		{F3836D6F-CCC1-4383-A334-ABF9C74AA1E0}.Debug|Any CPU.ActiveCfg = Debug|Any CPU
		{F3836D6F-CCC1-4383-A334-ABF9C74AA1E0}.Debug|Any CPU.Build.0 = Debug|Any CPU
		{F3836D6F-CCC1-4383-A334-ABF9C74AA1E0}.Release|Any CPU.ActiveCfg = Release|Any CPU
		{F3836D6F-CCC1-4383-A334-ABF9C74AA1E0}.Release|Any CPU.Build.0 = Release|Any CPU
		{D71A56D8-7082-4C1F-8DAF-B4116FD9A2D1}.Debug|Any CPU.ActiveCfg = Debug|Any CPU
		{D71A56D8-7082-4C1F-8DAF-B4116FD9A2D1}.Debug|Any CPU.Build.0 = Debug|Any CPU
		{D71A56D8-7082-4C1F-8DAF-B4116FD9A2D1}.Release|Any CPU.ActiveCfg = Release|Any CPU
		{D71A56D8-7082-4C1F-8DAF-B4116FD9A2D1}.Release|Any CPU.Build.0 = Release|Any CPU
	EndGlobalSection
	GlobalSection(SolutionProperties) = preSolution
		HideSolutionNode = FALSE
	EndGlobalSection
	GlobalSection(NestedProjects) = preSolution
		{9773EAC3-90D9-4672-8F95-0AFFEDF00889} = {29E4E5C5-FCC6-4DEB-B12B-51513BE8E8A4}
		{4A0C256B-CF3C-425D-A951-27D9DB735745} = {85D0BA29-EDF2-4B71-AAE0-9D89FDAB77EF}
		{5B2FBA43-6E53-412F-B295-D984AD62D184} = {0CAE5FB2-8E0E-410D-B950-9489955593A6}
		{6DD7517A-5589-4DD0-8BC6-B36A60D0A111} = {6E4F0DBC-53F3-4616-A7E3-D97C25AA09A7}
		{DAEFC4F9-7A3C-488E-B38D-414816B34410} = {636DE929-2762-497D-A0A4-790C82445F66}
		{562DC088-D53E-4CBE-99BB-6BFE79438567} = {0CAE5FB2-8E0E-410D-B950-9489955593A6}
		{F3836D6F-CCC1-4383-A334-ABF9C74AA1E0} = {0CAE5FB2-8E0E-410D-B950-9489955593A6}
		{D71A56D8-7082-4C1F-8DAF-B4116FD9A2D1} = {6E4F0DBC-53F3-4616-A7E3-D97C25AA09A7}
	EndGlobalSection
	GlobalSection(ExtensibilityGlobals) = postSolution
		SolutionGuid = {8E7CC85E-093C-468C-B1F8-C4406691D4F3}
	EndGlobalSection
EndGlobal
